Microsoft Visual Studio Solution File, Format Version 12.00
# Visual Studio Version 17
VisualStudioVersion = 17.0.31903.59
MinimumVisualStudioVersion = 10.0.40219.1
Project("{BB8F38A3-F099-4B18-AAAD-3ACB2F79688E}") = "Project_3f378d1dfbd342aa877d31b50fe4bab2_20250619080305434706", "Project_3f378d1dfbd342aa877d31b50fe4bab2_20250619080305434706.csproj", "{BB8F38A3-F099-4B18-AAAD-3ACB2F79688E}"
EndProject
Global
    GlobalSection(SolutionConfigurationPlatforms) = preSolution
        Debug|Any CPU = Debug|Any CPU
        Release|Any CPU = Release|Any CPU
    EndGlobalSection
    GlobalSection(ProjectConfigurationPlatforms) = postSolution
        {BB8F38A3-F099-4B18-AAAD-3ACB2F79688E}.Debug|Any CPU.ActiveCfg = Debug|Any CPU
        {BB8F38A3-F099-4B18-AAAD-3ACB2F79688E}.Debug|Any CPU.Build.0 = Debug|Any CPU
        {BB8F38A3-F099-4B18-AAAD-3ACB2F79688E}.Release|Any CPU.ActiveCfg = Release|Any CPU
        {BB8F38A3-F099-4B18-AAAD-3ACB2F79688E}.Release|Any CPU.Build.0 = Release|Any CPU
    EndGlobalSection
EndGlobal